// !$*UTF8*$!
{
	archiveVersion = 1;
	classes = {
	};
	objectVersion = 77;
	objects = {

/* Begin PBXBuildFile section */
		0D0BDE742CEEC8C700A77D8C /* SQLite in Frameworks */ = {isa = PBXBuildFile; productRef = 0D0BDE732CEEC8C700A77D8C /* SQLite */; };
/* End PBXBuildFile section */

/* Begin PBXContainerItemProxy section */
		0DB072EA2CEC7B35007B05EE /* PBXContainerItemProxy */ = {
			isa = PBXContainerItemProxy;
			containerPortal = 0DB072D12CEC7B34007B05EE /* Project object */;
			proxyType = 1;
			remoteGlobalIDString = 0DB072D82CEC7B34007B05EE;
			remoteInfo = "Customized Dictionary";
		};
		0DB072F42CEC7B35007B05EE /* PBXContainerItemProxy */ = {
			isa = PBXContainerItemProxy;
			containerPortal = 0DB072D12CEC7B34007B05EE /* Project object */;
			proxyType = 1;
			remoteGlobalIDString = 0DB072D82CEC7B34007B05EE;
			remoteInfo = "Customized Dictionary";
		};
/* End PBXContainerItemProxy section */

/* Begin PBXFileReference section */
		0DB072D92CEC7B34007B05EE /* Customized Dictionary.app */ = {isa = PBXFileReference; explicitFileType = wrapper.application; includeInIndex = 0; path = "Customized Dictionary.app"; sourceTree = BUILT_PRODUCTS_DIR; };
		0DB072E92CEC7B35007B05EE /* Customized DictionaryTests.xctest */ = {isa = PBXFileReference; explicitFileType = wrapper.cfbundle; includeInIndex = 0; path = "Customized DictionaryTests.xctest"; sourceTree = BUILT_PRODUCTS_DIR; };
		0DB072F32CEC7B35007B05EE /* Customized DictionaryUITests.xctest */ = {isa = PBXFileReference; explicitFileType = wrapper.cfbundle; includeInIndex = 0; path = "Customized DictionaryUITests.xctest"; sourceTree = BUILT_PRODUCTS_DIR; };
/* End PBXFileReference section */

/* Begin PBXFileSystemSynchronizedRootGroup section */
		0DB072DB2CEC7B34007B05EE /* Customized Dictionary */ = {
			isa = PBXFileSystemSynchronizedRootGroup;
			path = "Customized Dictionary";
			sourceTree = "<group>";
		};
		0DB072EC2CEC7B35007B05EE /* Customized DictionaryTests */ = {
			isa = PBXFileSystemSynchronizedRootGroup;
			path = "Customized DictionaryTests";
			sourceTree = "<group>";
		};
		0DB072F62CEC7B35007B05EE /* Customized DictionaryUITests */ = {
			isa = PBXFileSystemSynchronizedRootGroup;
			path = "Customized DictionaryUITests";
			sourceTree = "<group>";
		};
		0DB073172CECBDB2007B05EE /* Resources */ = {
			isa = PBXFileSystemSynchronizedRootGroup;
			path = Resources;
			sourceTree = "<group>";
		};
/* End PBXFileSystemSynchronizedRootGroup section */

/* Begin PBXFrameworksBuildPhase section */
		0DB072D62CEC7B34007B05EE /* Frameworks */ = {
			isa = PBXFrameworksBuildPhase;
			buildActionMask = 2147483647;
			files = (
				0D0BDE742CEEC8C700A77D8C /* SQLite in Frameworks */,
			);
			runOnlyForDeploymentPostprocessing = 0;
		};
		0DB072E62CEC7B35007B05EE /* Frameworks */ = {
			isa = PBXFrameworksBuildPhase;
			buildActionMask = 2147483647;
			files = (
			);
			runOnlyForDeploymentPostprocessing = 0;
		};
		0DB072F02CEC7B35007B05EE /* Frameworks */ = {
			isa = PBXFrameworksBuildPhase;
			buildActionMask = 2147483647;
			files = (
			);
			runOnlyForDeploymentPostprocessing = 0;
		};
/* End PBXFrameworksBuildPhase section */

/* Begin PBXGroup section */
		0DB072D02CEC7B34007B05EE = {
			isa = PBXGroup;
			children = (
				0DB073172CECBDB2007B05EE /* Resources */,
				0DB072DB2CEC7B34007B05EE /* Customized Dictionary */,
				0DB072EC2CEC7B35007B05EE /* Customized DictionaryTests */,
				0DB072F62CEC7B35007B05EE /* Customized DictionaryUITests */,
				0DB072DA2CEC7B34007B05EE /* Products */,
			);
			sourceTree = "<group>";
		};
		0DB072DA2CEC7B34007B05EE /* Products */ = {
			isa = PBXGroup;
			children = (
				0DB072D92CEC7B34007B05EE /* Customized Dictionary.app */,
				0DB072E92CEC7B35007B05EE /* Customized DictionaryTests.xctest */,
				0DB072F32CEC7B35007B05EE /* Customized DictionaryUITests.xctest */,
			);
			name = Products;
			sourceTree = "<group>";
		};
/* End PBXGroup section */

/* Begin PBXNativeTarget section */
		0DB072D82CEC7B34007B05EE /* Customized Dictionary */ = {
			isa = PBXNativeTarget;
			buildConfigurationList = 0DB072FD2CEC7B35007B05EE /* Build configuration list for PBXNativeTarget "Customized Dictionary" */;
			buildPhases = (
				0DB072D52CEC7B34007B05EE /* Sources */,
				0DB072D62CEC7B34007B05EE /* Frameworks */,
				0DB072D72CEC7B34007B05EE /* Resources */,
			);
			buildRules = (
			);
			dependencies = (
			);
			fileSystemSynchronizedGroups = (
				0DB072DB2CEC7B34007B05EE /* Customized Dictionary */,
				0DB073172CECBDB2007B05EE /* Resources */,
			);
			name = "Customized Dictionary";
			packageProductDependencies = (
				0D0BDE732CEEC8C700A77D8C /* SQLite */,
			);
			productName = "Customized Dictionary";
			productReference = 0DB072D92CEC7B34007B05EE /* Customized Dictionary.app */;
			productType = "com.apple.product-type.application";
		};
		0DB072E82CEC7B35007B05EE /* Customized DictionaryTests */ = {
			isa = PBXNativeTarget;
			buildConfigurationList = 0DB073002CEC7B35007B05EE /* Build configuration list for PBXNativeTarget "Customized DictionaryTests" */;
			buildPhases = (
				0DB072E52CEC7B35007B05EE /* Sources */,
				0DB072E62CEC7B35007B05EE /* Frameworks */,
				0DB072E72CEC7B35007B05EE /* Resources */,
			);
			buildRules = (
			);
			dependencies = (
				0DB072EB2CEC7B35007B05EE /* PBXTargetDependency */,
			);
			fileSystemSynchronizedGroups = (
				0DB072EC2CEC7B35007B05EE /* Customized DictionaryTests */,
			);
			name = "Customized DictionaryTests";
			packageProductDependencies = (
			);
			productName = "Customized DictionaryTests";
			productReference = 0DB072E92CEC7B35007B05EE /* Customized DictionaryTests.xctest */;
			productType = "com.apple.product-type.bundle.unit-test";
		};
		0DB072F22CEC7B35007B05EE /* Customized DictionaryUITests */ = {
			isa = PBXNativeTarget;
			buildConfigurationList = 0DB073032CEC7B35007B05EE /* Build configuration list for PBXNativeTarget "Customized DictionaryUITests" */;
			buildPhases = (
				0DB072EF2CEC7B35007B05EE /* Sources */,
				0DB072F02CEC7B35007B05EE /* Frameworks */,
				0DB072F12CEC7B35007B05EE /* Resources */,
			);
			buildRules = (
			);
			dependencies = (
				0DB072F52CEC7B35007B05EE /* PBXTargetDependency */,
			);
			fileSystemSynchronizedGroups = (
				0DB072F62CEC7B35007B05EE /* Customized DictionaryUITests */,
			);
			name = "Customized DictionaryUITests";
			packageProductDependencies = (
			);
			productName = "Customized DictionaryUITests";
			productReference = 0DB072F32CEC7B35007B05EE /* Customized DictionaryUITests.xctest */;
			productType = "com.apple.product-type.bundle.ui-testing";
		};
/* End PBXNativeTarget section */

/* Begin PBXProject section */
		0DB072D12CEC7B34007B05EE /* Project object */ = {
			isa = PBXProject;
			attributes = {
				BuildIndependentTargetsInParallel = 1;
				LastSwiftUpdateCheck = 1610;
				LastUpgradeCheck = 1610;
				TargetAttributes = {
					0DB072D82CEC7B34007B05EE = {
						CreatedOnToolsVersion = 16.1;
					};
					0DB072E82CEC7B35007B05EE = {
						CreatedOnToolsVersion = 16.1;
						TestTargetID = 0DB072D82CEC7B34007B05EE;
					};
					0DB072F22CEC7B35007B05EE = {
						CreatedOnToolsVersion = 16.1;
						TestTargetID = 0DB072D82CEC7B34007B05EE;
					};
				};
			};
			buildConfigurationList = 0DB072D42CEC7B34007B05EE /* Build configuration list for PBXProject "Customized Dictionary" */;
			developmentRegion = en;
			hasScannedForEncodings = 0;
			knownRegions = (
				en,
				Base,
			);
			mainGroup = 0DB072D02CEC7B34007B05EE;
			minimizedProjectReferenceProxies = 1;
			packageReferences = (
				0D0BDEC92CEECDEB00A77D8C /* XCLocalSwiftPackageReference "../../Documents/swift packs/SQLite.swift-master" */,
			);
			preferredProjectObjectVersion = 77;
			productRefGroup = 0DB072DA2CEC7B34007B05EE /* Products */;
			projectDirPath = "";
			projectRoot = "";
			targets = (
				0DB072D82CEC7B34007B05EE /* Customized Dictionary */,
				0DB072E82CEC7B35007B05EE /* Customized DictionaryTests */,
				0DB072F22CEC7B35007B05EE /* Customized DictionaryUITests */,
			);
		};
/* End PBXProject section */

/* Begin PBXResourcesBuildPhase section */
		0DB072D72CEC7B34007B05EE /* Resources */ = {
			isa = PBXResourcesBuildPhase;
			buildActionMask = 2147483647;
			files = (
			);
			runOnlyForDeploymentPostprocessing = 0;
		};
		0DB072E72CEC7B35007B05EE /* Resources */ = {
			isa = PBXResourcesBuildPhase;
			buildActionMask = 2147483647;
			files = (
			);
			runOnlyForDeploymentPostprocessing = 0;
		};
		0DB072F12CEC7B35007B05EE /* Resources */ = {
			isa = PBXResourcesBuildPhase;
			buildActionMask = 2147483647;
			files = (
			);
			runOnlyForDeploymentPostprocessing = 0;
		};
/* End PBXResourcesBuildPhase section */

/* Begin PBXSourcesBuildPhase section */
		0DB072D52CEC7B34007B05EE /* Sources */ = {
			isa = PBXSourcesBuildPhase;
			buildActionMask = 2147483647;
			files = (
			);
			runOnlyForDeploymentPostprocessing = 0;
		};
		0DB072E52CEC7B35007B05EE /* Sources */ = {
			isa = PBXSourcesBuildPhase;
			buildActionMask = 2147483647;
			files = (
			);
			runOnlyForDeploymentPostprocessing = 0;
		};
		0DB072EF2CEC7B35007B05EE /* Sources */ = {
			isa = PBXSourcesBuildPhase;
			buildActionMask = 2147483647;
			files = (
			);
			runOnlyForDeploymentPostprocessing = 0;
		};
/* End PBXSourcesBuildPhase section */

/* Begin PBXTargetDependency section */
		0DB072EB2CEC7B35007B05EE /* PBXTargetDependency */ = {
			isa = PBXTargetDependency;
			target = 0DB072D82CEC7B34007B05EE /* Customized Dictionary */;
			targetProxy = 0DB072EA2CEC7B35007B05EE /* PBXContainerItemProxy */;
		};
		0DB072F52CEC7B35007B05EE /* PBXTargetDependency */ = {
			isa = PBXTargetDependency;
			target = 0DB072D82CEC7B34007B05EE /* Customized Dictionary */;
			targetProxy = 0DB072F42CEC7B35007B05EE /* PBXContainerItemProxy */;
		};
/* End PBXTargetDependency section */

/* Begin XCBuildConfiguration section */
		0DB072FB2CEC7B35007B05EE /* Debug */ = {
			isa = XCBuildConfiguration;
			buildSettings = {
				ALWAYS_SEARCH_USER_PATHS = NO;
				ASSETCATALOG_COMPILER_GENERATE_SWIFT_ASSET_SYMBOL_EXTENSIONS = YES;
				CLANG_ANALYZER_NONNULL = YES;
				CLANG_ANALYZER_NUMBER_OBJECT_CONVERSION = YES_AGGRESSIVE;
				CLANG_CXX_LANGUAGE_STANDARD = "gnu++20";
				CLANG_ENABLE_MODULES = YES;
				CLANG_ENABLE_OBJC_ARC = YES;
				CLANG_ENABLE_OBJC_WEAK = YES;
				CLANG_WARN_BLOCK_CAPTURE_AUTORELEASING = YES;
				CLANG_WARN_BOOL_CONVERSION = YES;
				CLANG_WARN_COMMA = YES;
				CLANG_WARN_CONSTANT_CONVERSION = YES;
				CLANG_WARN_DEPRECATED_OBJC_IMPLEMENTATIONS = YES;
				CLANG_WARN_DIRECT_OBJC_ISA_USAGE = YES_ERROR;
				CLANG_WARN_DOCUMENTATION_COMMENTS = YES;
				CLANG_WARN_EMPTY_BODY = YES;
				CLANG_WARN_ENUM_CONVERSION = YES;
				CLANG_WARN_INFINITE_RECURSION = YES;
				CLANG_WARN_INT_CONVERSION = YES;
				CLANG_WARN_NON_LITERAL_NULL_CONVERSION = YES;
				CLANG_WARN_OBJC_IMPLICIT_RETAIN_SELF = YES;
				CLANG_WARN_OBJC_LITERAL_CONVERSION = YES;
				CLANG_WARN_OBJC_ROOT_CLASS = YES_ERROR;
				CLANG_WARN_QUOTED_INCLUDE_IN_FRAMEWORK_HEADER = YES;
				CLANG_WARN_RANGE_LOOP_ANALYSIS = YES;
				CLANG_WARN_STRICT_PROTOTYPES = YES;
				CLANG_WARN_SUSPICIOUS_MOVE = YES;
				CLANG_WARN_UNGUARDED_AVAILABILITY = YES_AGGRESSIVE;
				CLANG_WARN_UNREACHABLE_CODE = YES;
				CLANG_WARN__DUPLICATE_METHOD_MATCH = YES;
				COPY_PHASE_STRIP = NO;
				DEBUG_INFORMATION_FORMAT = dwarf;
				ENABLE_STRICT_OBJC_MSGSEND = YES;
				ENABLE_TESTABILITY = YES;
				ENABLE_USER_SCRIPT_SANDBOXING = YES;
				GCC_C_LANGUAGE_STANDARD = gnu17;
				GCC_DYNAMIC_NO_PIC = NO;
				GCC_NO_COMMON_BLOCKS = YES;
				GCC_OPTIMIZATION_LEVEL = 0;
				GCC_PREPROCESSOR_DEFINITIONS = (
					"DEBUG=1",
					"$(inherited)",
				);
				GCC_WARN_64_TO_32_BIT_CONVERSION = YES;
				GCC_WARN_ABOUT_RETURN_TYPE = YES_ERROR;
				GCC_WARN_UNDECLARED_SELECTOR = YES;
				GCC_WARN_UNINITIALIZED_AUTOS = YES_AGGRESSIVE;
				GCC_WARN_UNUSED_FUNCTION = YES;
				GCC_WARN_UNUSED_VARIABLE = YES;
				IPHONEOS_DEPLOYMENT_TARGET = 18.1;
				LOCALIZATION_PREFERS_STRING_CATALOGS = YES;
				MTL_ENABLE_DEBUG_INFO = INCLUDE_SOURCE;
				MTL_FAST_MATH = YES;
				ONLY_ACTIVE_ARCH = YES;
				SDKROOT = iphoneos;
				SWIFT_ACTIVE_COMPILATION_CONDITIONS = "DEBUG $(inherited)";
				SWIFT_OPTIMIZATION_LEVEL = "-Onone";
			};
			name = Debug;
		};
		0DB072FC2CEC7B35007B05EE /* Release */ = {
			isa = XCBuildConfiguration;
			buildSettings = {
				ALWAYS_SEARCH_USER_PATHS = NO;
				ASSETCATALOG_COMPILER_GENERATE_SWIFT_ASSET_SYMBOL_EXTENSIONS = YES;
				CLANG_ANALYZER_NONNULL = YES;
				CLANG_ANALYZER_NUMBER_OBJECT_CONVERSION = YES_AGGRESSIVE;
				CLANG_CXX_LANGUAGE_STANDARD = "gnu++20";
				CLANG_ENABLE_MODULES = YES;
				CLANG_ENABLE_OBJC_ARC = YES;
				CLANG_ENABLE_OBJC_WEAK = YES;
				CLANG_WARN_BLOCK_CAPTURE_AUTORELEASING = YES;
				CLANG_WARN_BOOL_CONVERSION = YES;
				CLANG_WARN_COMMA = YES;
				CLANG_WARN_CONSTANT_CONVERSION = YES;
				CLANG_WARN_DEPRECATED_OBJC_IMPLEMENTATIONS = YES;
				CLANG_WARN_DIRECT_OBJC_ISA_USAGE = YES_ERROR;
				CLANG_WARN_DOCUMENTATION_COMMENTS = YES;
				CLANG_WARN_EMPTY_BODY = YES;
				CLANG_WARN_ENUM_CONVERSION = YES;
				CLANG_WARN_INFINITE_RECURSION = YES;
				CLANG_WARN_INT_CONVERSION = YES;
				CLANG_WARN_NON_LITERAL_NULL_CONVERSION = YES;
				CLANG_WARN_OBJC_IMPLICIT_RETAIN_SELF = YES;
				CLANG_WARN_OBJC_LITERAL_CONVERSION = YES;
				CLANG_WARN_OBJC_ROOT_CLASS = YES_ERROR;
				CLANG_WARN_QUOTED_INCLUDE_IN_FRAMEWORK_HEADER = YES;
				CLANG_WARN_RANGE_LOOP_ANALYSIS = YES;
				CLANG_WARN_STRICT_PROTOTYPES = YES;
				CLANG_WARN_SUSPICIOUS_MOVE = YES;
				CLANG_WARN_UNGUARDED_AVAILABILITY = YES_AGGRESSIVE;
				CLANG_WARN_UNREACHABLE_CODE = YES;
				CLANG_WARN__DUPLICATE_METHOD_MATCH = YES;
				COPY_PHASE_STRIP = NO;
				DEBUG_INFORMATION_FORMAT = "dwarf-with-dsym";
				ENABLE_NS_ASSERTIONS = NO;
				ENABLE_STRICT_OBJC_MSGSEND = YES;
				ENABLE_USER_SCRIPT_SANDBOXING = YES;
				GCC_C_LANGUAGE_STANDARD = gnu17;
				GCC_NO_COMMON_BLOCKS = YES;
				GCC_WARN_64_TO_32_BIT_CONVERSION = YES;
				GCC_WARN_ABOUT_RETURN_TYPE = YES_ERROR;
				GCC_WARN_UNDECLARED_SELECTOR = YES;
				GCC_WARN_UNINITIALIZED_AUTOS = YES_AGGRESSIVE;
				GCC_WARN_UNUSED_FUNCTION = YES;
				GCC_WARN_UNUSED_VARIABLE = YES;
				IPHONEOS_DEPLOYMENT_TARGET = 18.1;
				LOCALIZATION_PREFERS_STRING_CATALOGS = YES;
				MTL_ENABLE_DEBUG_INFO = NO;
				MTL_FAST_MATH = YES;
				SDKROOT = iphoneos;
				SWIFT_COMPILATION_MODE = wholemodule;
				VALIDATE_PRODUCT = YES;
			};
			name = Release;
		};
		0DB072FE2CEC7B35007B05EE /* Debug */ = {
			isa = XCBuildConfiguration;
			buildSettings = {
				ASSETCATALOG_COMPILER_APPICON_NAME = AppIcon;
				ASSETCATALOG_COMPILER_GLOBAL_ACCENT_COLOR_NAME = AccentColor;
				CODE_SIGN_STYLE = Automatic;
				CURRENT_PROJECT_VERSION = 1;
				DEVELOPMENT_ASSET_PATHS = "\"Customized Dictionary/Preview Content\"";
				DEVELOPMENT_TEAM = VWSX898A69;
				ENABLE_PREVIEWS = YES;
				GENERATE_INFOPLIST_FILE = YES;
				INFOPLIST_KEY_UIApplicationSceneManifest_Generation = YES;
				INFOPLIST_KEY_UIApplicationSupportsIndirectInputEvents = YES;
				INFOPLIST_KEY_UILaunchScreen_Generation = YES;
				INFOPLIST_KEY_UISupportedInterfaceOrientations_iPad = "UIInterfaceOrientationPortrait UIInterfaceOrientationPortraitUpsideDown UIInterfaceOrientationLandscapeLeft UIInterfaceOrientationLandscapeRight";
				INFOPLIST_KEY_UISupportedInterfaceOrientations_iPhone = "UIInterfaceOrientationPortrait UIInterfaceOrientationLandscapeLeft UIInterfaceOrientationLandscapeRight";
				LD_RUNPATH_SEARCH_PATHS = (
					"$(inherited)",
					"@executable_path/Frameworks",
				);
				MARKETING_VERSION = 1.0;
				PRODUCT_BUNDLE_IDENTIFIER = "com.Customized-Dictionary";
				PRODUCT_NAME = "$(TARGET_NAME)";
				SWIFT_EMIT_LOC_STRINGS = YES;
				SWIFT_VERSION = 5.0;
				TARGETED_DEVICE_FAMILY = "1,2";
			};
			name = Debug;
		};
		0DB072FF2CEC7B35007B05EE /* Release */ = {
			isa = XCBuildConfiguration;
			buildSettings = {
				ASSETCATALOG_COMPILER_APPICON_NAME = AppIcon;
				ASSETCATALOG_COMPILER_GLOBAL_ACCENT_COLOR_NAME = AccentColor;
				CODE_SIGN_STYLE = Automatic;
				CURRENT_PROJECT_VERSION = 1;
				DEVELOPMENT_ASSET_PATHS = "\"Customized Dictionary/Preview Content\"";
				DEVELOPMENT_TEAM = VWSX898A69;
				ENABLE_PREVIEWS = YES;
				GENERATE_INFOPLIST_FILE = YES;
				INFOPLIST_KEY_UIApplicationSceneManifest_Generation = YES;
				INFOPLIST_KEY_UIApplicationSupportsIndirectInputEvents = YES;
				INFOPLIST_KEY_UILaunchScreen_Generation = YES;
				INFOPLIST_KEY_UISupportedInterfaceOrientations_iPad = "UIInterfaceOrientationPortrait UIInterfaceOrientationPortraitUpsideDown UIInterfaceOrientationLandscapeLeft UIInterfaceOrientationLandscapeRight";
				INFOPLIST_KEY_UISupportedInterfaceOrientations_iPhone = "UIInterfaceOrientationPortrait UIInterfaceOrientationLandscapeLeft UIInterfaceOrientationLandscapeRight";
				LD_RUNPATH_SEARCH_PATHS = (
					"$(inherited)",
					"@executable_path/Frameworks",
				);
				MARKETING_VERSION = 1.0;
				PRODUCT_BUNDLE_IDENTIFIER = "com.Customized-Dictionary";
				PRODUCT_NAME = "$(TARGET_NAME)";
				SWIFT_EMIT_LOC_STRINGS = YES;
				SWIFT_VERSION = 5.0;
				TARGETED_DEVICE_FAMILY = "1,2";
			};
			name = Release;
		};
		0DB073012CEC7B35007B05EE /* Debug */ = {
			isa = XCBuildConfiguration;
			buildSettings = {
				BUNDLE_LOADER = "$(TEST_HOST)";
				CODE_SIGN_STYLE = Automatic;
				CURRENT_PROJECT_VERSION = 1;
				DEVELOPMENT_TEAM = VWSX898A69;
				GENERATE_INFOPLIST_FILE = YES;
				IPHONEOS_DEPLOYMENT_TARGET = 18.1;
				MARKETING_VERSION = 1.0;
				PRODUCT_BUNDLE_IDENTIFIER = "com.Customized-DictionaryTests";
				PRODUCT_NAME = "$(TARGET_NAME)";
				SWIFT_EMIT_LOC_STRINGS = NO;
				SWIFT_VERSION = 5.0;
				TARGETED_DEVICE_FAMILY = "1,2";
				TEST_HOST = "$(BUILT_PRODUCTS_DIR)/Customized Dictionary.app/$(BUNDLE_EXECUTABLE_FOLDER_PATH)/Customized Dictionary";
			};
			name = Debug;
		};
		0DB073022CEC7B35007B05EE /* Release */ = {
			isa = XCBuildConfiguration;
			buildSettings = {
				BUNDLE_LOADER = "$(TEST_HOST)";
				CODE_SIGN_STYLE = Automatic;
				CURRENT_PROJECT_VERSION = 1;
				DEVELOPMENT_TEAM = VWSX898A69;
				GENERATE_INFOPLIST_FILE = YES;
				IPHONEOS_DEPLOYMENT_TARGET = 18.1;
				MARKETING_VERSION = 1.0;
				PRODUCT_BUNDLE_IDENTIFIER = "com.Customized-DictionaryTests";
				PRODUCT_NAME = "$(TARGET_NAME)";
				SWIFT_EMIT_LOC_STRINGS = NO;
				SWIFT_VERSION = 5.0;
				TARGETED_DEVICE_FAMILY = "1,2";
				TEST_HOST = "$(BUILT_PRODUCTS_DIR)/Customized Dictionary.app/$(BUNDLE_EXECUTABLE_FOLDER_PATH)/Customized Dictionary";
			};
			name = Release;
		};
		0DB073042CEC7B35007B05EE /* Debug */ = {
			isa = XCBuildConfiguration;
			buildSettings = {
				CODE_SIGN_STYLE = Automatic;
				CURRENT_PROJECT_VERSION = 1;
				DEVELOPMENT_TEAM = VWSX898A69;
				GENERATE_INFOPLIST_FILE = YES;
				MARKETING_VERSION = 1.0;
				PRODUCT_BUNDLE_IDENTIFIER = "com.Customized-DictionaryUITests";
				PRODUCT_NAME = "$(TARGET_NAME)";
				SWIFT_EMIT_LOC_STRINGS = NO;
				SWIFT_VERSION = 5.0;
				TARGETED_DEVICE_FAMILY = "1,2";
				TEST_TARGET_NAME = "Customized Dictionary";
			};
			name = Debug;
		};
		0DB073052CEC7B35007B05EE /* Release */ = {
			isa = XCBuildConfiguration;
			buildSettings = {
				CODE_SIGN_STYLE = Automatic;
				CURRENT_PROJECT_VERSION = 1;
				DEVELOPMENT_TEAM = VWSX898A69;
				GENERATE_INFOPLIST_FILE = YES;
				MARKETING_VERSION = 1.0;
				PRODUCT_BUNDLE_IDENTIFIER = "com.Customized-DictionaryUITests";
				PRODUCT_NAME = "$(TARGET_NAME)";
				SWIFT_EMIT_LOC_STRINGS = NO;
				SWIFT_VERSION = 5.0;
				TARGETED_DEVICE_FAMILY = "1,2";
				TEST_TARGET_NAME = "Customized Dictionary";
			};
			name = Release;
		};
/* End XCBuildConfiguration section */

/* Begin XCConfigurationList section */
		0DB072D42CEC7B34007B05EE /* Build configuration list for PBXProject "Customized Dictionary" */ = {
			isa = XCConfigurationList;
			buildConfigurations = (
				0DB072FB2CEC7B35007B05EE /* Debug */,
				0DB072FC2CEC7B35007B05EE /* Release */,
			);
			defaultConfigurationIsVisible = 0;
			defaultConfigurationName = Release;
		};
		0DB072FD2CEC7B35007B05EE /* Build configuration list for PBXNativeTarget "Customized Dictionary" */ = {
			isa = XCConfigurationList;
			buildConfigurations = (
				0DB072FE2CEC7B35007B05EE /* Debug */,
				0DB072FF2CEC7B35007B05EE /* Release */,
			);
			defaultConfigurationIsVisible = 0;
			defaultConfigurationName = Release;
		};
		0DB073002CEC7B35007B05EE /* Build configuration list for PBXNativeTarget "Customized DictionaryTests" */ = {
			isa = XCConfigurationList;
			buildConfigurations = (
				0DB073012CEC7B35007B05EE /* Debug */,
				0DB073022CEC7B35007B05EE /* Release */,
			);
			defaultConfigurationIsVisible = 0;
			defaultConfigurationName = Release;
		};
		0DB073032CEC7B35007B05EE /* Build configuration list for PBXNativeTarget "Customized DictionaryUITests" */ = {
			isa = XCConfigurationList;
			buildConfigurations = (
				0DB073042CEC7B35007B05EE /* Debug */,
				0DB073052CEC7B35007B05EE /* Release */,
			);
			defaultConfigurationIsVisible = 0;
			defaultConfigurationName = Release;
		};
/* End XCConfigurationList section */

/* Begin XCLocalSwiftPackageReference section */
		0D0BDEC92CEECDEB00A77D8C /* XCLocalSwiftPackageReference "../../Documents/swift packs/SQLite.swift-master" */ = {
			isa = XCLocalSwiftPackageReference;
			relativePath = "../../Documents/swift packs/SQLite.swift-master";
		};
/* End XCLocalSwiftPackageReference section */

/* Begin XCSwiftPackageProductDependency section */
		0D0BDE732CEEC8C700A77D8C /* SQLite */ = {
			isa = XCSwiftPackageProductDependency;
			productName = SQLite;
		};
/* End XCSwiftPackageProductDependency section */
	};
	rootObject = 0DB072D12CEC7B34007B05EE /* Project object */;
}
